// !$*UTF8*$!
{
	archiveVersion = 1;
	classes = {
	};
	objectVersion = 52;
	objects = {

/* Begin PBXBuildFile section */
		088403EE2DD29F78005823AD /* Sport.swift in Sources */ = {isa = PBXBuildFile; fileRef = 088403ED2DD29F78005823AD /* Sport.swift */; };
		088403F02DD29F9E005823AD /* HomeViewController.swift in Sources */ = {isa = PBXBuildFile; fileRef = 088403EF2DD29F9E005823AD /* HomeViewController.swift */; };
		088403F22DD2A081005823AD /* HomeContracts.swift in Sources */ = {isa = PBXBuildFile; fileRef = 088403F12DD2A081005823AD /* HomeContracts.swift */; };
		088403F42DD2A0B5005823AD /* HomePresenter.swift in Sources */ = {isa = PBXBuildFile; fileRef = 088403F32DD2A0B5005823AD /* HomePresenter.swift */; };
		E24F2C432DD3626700AC47FF /* LeaguesViewProtocol.swift in Sources */ = {isa = PBXBuildFile; fileRef = E24F2C422DD3626700AC47FF /* LeaguesViewProtocol.swift */; };
		E24F2C452DD3674C00AC47FF /* LeagueTableViewCell.swift in Sources */ = {isa = PBXBuildFile; fileRef = E24F2C442DD3674C00AC47FF /* LeagueTableViewCell.swift */; };
		E24F41EA2DD27FF100963289 /* AppDelegate.swift in Sources */ = {isa = PBXBuildFile; fileRef = E24F41E92DD27FF100963289 /* AppDelegate.swift */; };
		E24F41EC2DD27FF100963289 /* SceneDelegate.swift in Sources */ = {isa = PBXBuildFile; fileRef = E24F41EB2DD27FF100963289 /* SceneDelegate.swift */; };
		E24F41F12DD27FF100963289 /* Main.storyboard in Resources */ = {isa = PBXBuildFile; fileRef = E24F41EF2DD27FF100963289 /* Main.storyboard */; };
		E24F41F32DD27FF300963289 /* Assets.xcassets in Resources */ = {isa = PBXBuildFile; fileRef = E24F41F22DD27FF300963289 /* Assets.xcassets */; };
		E24F41F62DD27FF300963289 /* LaunchScreen.storyboard in Resources */ = {isa = PBXBuildFile; fileRef = E24F41F42DD27FF300963289 /* LaunchScreen.storyboard */; };
		E24F41FF2DD2AB5F00963289 /* Kingfisher in Frameworks */ = {isa = PBXBuildFile; productRef = E24F41FE2DD2AB5F00963289 /* Kingfisher */; };
		E24F42022DD2AC0800963289 /* Alamofire in Frameworks */ = {isa = PBXBuildFile; productRef = E24F42012DD2AC0800963289 /* Alamofire */; };
		E24F42092DD2AF4900963289 /* LeaguesResponse.swift in Sources */ = {isa = PBXBuildFile; fileRef = E24F42082DD2AF4900963289 /* LeaguesResponse.swift */; };
		E24F420B2DD2B2DF00963289 /* LeaguesTableViewController.swift in Sources */ = {isa = PBXBuildFile; fileRef = E24F420A2DD2B2DF00963289 /* LeaguesTableViewController.swift */; };
		E24F420D2DD2B30F00963289 /* LeaguesPresenter.swift in Sources */ = {isa = PBXBuildFile; fileRef = E24F420C2DD2B30F00963289 /* LeaguesPresenter.swift */; };
		E24F42102DD2B42200963289 /* Service.swift in Sources */ = {isa = PBXBuildFile; fileRef = E24F420F2DD2B42200963289 /* Service.swift */; };
/* End PBXBuildFile section */

/* Begin PBXFileReference section */
		088403ED2DD29F78005823AD /* Sport.swift */ = {isa = PBXFileReference; lastKnownFileType = sourcecode.swift; path = Sport.swift; sourceTree = "<group>"; };
		088403EF2DD29F9E005823AD /* HomeViewController.swift */ = {isa = PBXFileReference; lastKnownFileType = sourcecode.swift; path = HomeViewController.swift; sourceTree = "<group>"; };
		088403F12DD2A081005823AD /* HomeContracts.swift */ = {isa = PBXFileReference; lastKnownFileType = sourcecode.swift; path = HomeContracts.swift; sourceTree = "<group>"; };
		088403F32DD2A0B5005823AD /* HomePresenter.swift */ = {isa = PBXFileReference; lastKnownFileType = sourcecode.swift; path = HomePresenter.swift; sourceTree = "<group>"; };
		E24F2C422DD3626700AC47FF /* LeaguesViewProtocol.swift */ = {isa = PBXFileReference; lastKnownFileType = sourcecode.swift; path = LeaguesViewProtocol.swift; sourceTree = "<group>"; };
		E24F2C442DD3674C00AC47FF /* LeagueTableViewCell.swift */ = {isa = PBXFileReference; lastKnownFileType = sourcecode.swift; path = LeagueTableViewCell.swift; sourceTree = "<group>"; };
		E24F41E62DD27FF100963289 /* Sportify.app */ = {isa = PBXFileReference; explicitFileType = wrapper.application; includeInIndex = 0; path = Sportify.app; sourceTree = BUILT_PRODUCTS_DIR; };
		E24F41E92DD27FF100963289 /* AppDelegate.swift */ = {isa = PBXFileReference; lastKnownFileType = sourcecode.swift; path = AppDelegate.swift; sourceTree = "<group>"; };
		E24F41EB2DD27FF100963289 /* SceneDelegate.swift */ = {isa = PBXFileReference; lastKnownFileType = sourcecode.swift; path = SceneDelegate.swift; sourceTree = "<group>"; };
		E24F41F02DD27FF100963289 /* Base */ = {isa = PBXFileReference; lastKnownFileType = file.storyboard; name = Base; path = Base.lproj/Main.storyboard; sourceTree = "<group>"; };
		E24F41F22DD27FF300963289 /* Assets.xcassets */ = {isa = PBXFileReference; lastKnownFileType = folder.assetcatalog; path = Assets.xcassets; sourceTree = "<group>"; };
		E24F41F52DD27FF300963289 /* Base */ = {isa = PBXFileReference; lastKnownFileType = file.storyboard; name = Base; path = Base.lproj/LaunchScreen.storyboard; sourceTree = "<group>"; };
		E24F41F72DD27FF300963289 /* Info.plist */ = {isa = PBXFileReference; lastKnownFileType = text.plist.xml; path = Info.plist; sourceTree = "<group>"; };
		E24F42082DD2AF4900963289 /* LeaguesResponse.swift */ = {isa = PBXFileReference; lastKnownFileType = sourcecode.swift; path = LeaguesResponse.swift; sourceTree = "<group>"; };
		E24F420A2DD2B2DF00963289 /* LeaguesTableViewController.swift */ = {isa = PBXFileReference; lastKnownFileType = sourcecode.swift; path = LeaguesTableViewController.swift; sourceTree = "<group>"; };
		E24F420C2DD2B30F00963289 /* LeaguesPresenter.swift */ = {isa = PBXFileReference; lastKnownFileType = sourcecode.swift; path = LeaguesPresenter.swift; sourceTree = "<group>"; };
		E24F420F2DD2B42200963289 /* Service.swift */ = {isa = PBXFileReference; lastKnownFileType = sourcecode.swift; path = Service.swift; sourceTree = "<group>"; };
/* End PBXFileReference section */

/* Begin PBXFrameworksBuildPhase section */
		E24F41E32DD27FF100963289 /* Frameworks */ = {
			isa = PBXFrameworksBuildPhase;
			buildActionMask = 2147483647;
			files = (
				E24F41FF2DD2AB5F00963289 /* Kingfisher in Frameworks */,
				E24F42022DD2AC0800963289 /* Alamofire in Frameworks */,
			);
			runOnlyForDeploymentPostprocessing = 0;
		};
/* End PBXFrameworksBuildPhase section */

/* Begin PBXGroup section */
		088403E82DD29F0F005823AD /* Modules */ = {
			isa = PBXGroup;
			children = (
				E24F2C472DD3698900AC47FF /* resources */,
				E24F2C462DD3695000AC47FF /* app */,
				E24F420E2DD2B40A00963289 /* network */,
				E24F42042DD2AECF00963289 /* leagues */,
				088403E92DD29F35005823AD /* home */,
			);
			path = Modules;
			sourceTree = "<group>";
		};
		088403E92DD29F35005823AD /* home */ = {
			isa = PBXGroup;
			children = (
				088403EC2DD29F55005823AD /* presenter */,
				088403EB2DD29F48005823AD /* model */,
				088403EA2DD29F3C005823AD /* view */,
			);
			path = home;
			sourceTree = "<group>";
		};
		088403EA2DD29F3C005823AD /* view */ = {
			isa = PBXGroup;
			children = (
				088403EF2DD29F9E005823AD /* HomeViewController.swift */,
			);
			path = view;
			sourceTree = "<group>";
		};
		088403EB2DD29F48005823AD /* model */ = {
			isa = PBXGroup;
			children = (
				088403ED2DD29F78005823AD /* Sport.swift */,
			);
			path = model;
			sourceTree = "<group>";
		};
		088403EC2DD29F55005823AD /* presenter */ = {
			isa = PBXGroup;
			children = (
				088403F12DD2A081005823AD /* HomeContracts.swift */,
				088403F32DD2A0B5005823AD /* HomePresenter.swift */,
			);
			path = presenter;
			sourceTree = "<group>";
		};
		E24F2C412DD3624100AC47FF /* protocol */ = {
			isa = PBXGroup;
			children = (
				E24F2C422DD3626700AC47FF /* LeaguesViewProtocol.swift */,
			);
			path = protocol;
			sourceTree = "<group>";
		};
		E24F2C462DD3695000AC47FF /* app */ = {
			isa = PBXGroup;
			children = (
				E24F41E92DD27FF100963289 /* AppDelegate.swift */,
				E24F41EB2DD27FF100963289 /* SceneDelegate.swift */,
			);
			path = app;
			sourceTree = "<group>";
		};
		E24F2C472DD3698900AC47FF /* resources */ = {
			isa = PBXGroup;
			children = (
				E24F41F22DD27FF300963289 /* Assets.xcassets */,
			);
			path = resources;
			sourceTree = "<group>";
		};
		E24F41DD2DD27FF000963289 = {
			isa = PBXGroup;
			children = (
				E24F41E82DD27FF100963289 /* Sportify */,
				E24F41E72DD27FF100963289 /* Products */,
			);
			sourceTree = "<group>";
		};
		E24F41E72DD27FF100963289 /* Products */ = {
			isa = PBXGroup;
			children = (
				E24F41E62DD27FF100963289 /* Sportify.app */,
			);
			name = Products;
			sourceTree = "<group>";
		};
		E24F41E82DD27FF100963289 /* Sportify */ = {
			isa = PBXGroup;
			children = (
				088403E82DD29F0F005823AD /* Modules */,
				E24F41EF2DD27FF100963289 /* Main.storyboard */,
				E24F41F42DD27FF300963289 /* LaunchScreen.storyboard */,
				E24F41F72DD27FF300963289 /* Info.plist */,
			);
			path = Sportify;
			sourceTree = "<group>";
		};
		E24F42042DD2AECF00963289 /* leagues */ = {
			isa = PBXGroup;
			children = (
				E24F42072DD2AF1F00963289 /* presenter */,
				E24F42062DD2AF1100963289 /* model */,
				E24F42052DD2AEDF00963289 /* view */,
			);
			path = leagues;
			sourceTree = "<group>";
		};
		E24F42052DD2AEDF00963289 /* view */ = {
			isa = PBXGroup;
			children = (
				E24F2C412DD3624100AC47FF /* protocol */,
				E24F420A2DD2B2DF00963289 /* LeaguesTableViewController.swift */,
				E24F2C442DD3674C00AC47FF /* LeagueTableViewCell.swift */,
			);
			path = view;
			sourceTree = "<group>";
		};
		E24F42062DD2AF1100963289 /* model */ = {
			isa = PBXGroup;
			children = (
				E24F42082DD2AF4900963289 /* LeaguesResponse.swift */,
			);
			path = model;
			sourceTree = "<group>";
		};
		E24F42072DD2AF1F00963289 /* presenter */ = {
			isa = PBXGroup;
			children = (
				E24F420C2DD2B30F00963289 /* LeaguesPresenter.swift */,
			);
			path = presenter;
			sourceTree = "<group>";
		};
		E24F420E2DD2B40A00963289 /* network */ = {
			isa = PBXGroup;
			children = (
				E24F420F2DD2B42200963289 /* Service.swift */,
			);
			path = network;
			sourceTree = "<group>";
		};
/* End PBXGroup section */

/* Begin PBXNativeTarget section */
		E24F41E52DD27FF100963289 /* Sportify */ = {
			isa = PBXNativeTarget;
			buildConfigurationList = E24F41FA2DD27FF300963289 /* Build configuration list for PBXNativeTarget "Sportify" */;
			buildPhases = (
				E24F41E22DD27FF100963289 /* Sources */,
				E24F41E32DD27FF100963289 /* Frameworks */,
				E24F41E42DD27FF100963289 /* Resources */,
			);
			buildRules = (
			);
			dependencies = (
			);
			name = Sportify;
			packageProductDependencies = (
				E24F41FE2DD2AB5F00963289 /* Kingfisher */,
				E24F42012DD2AC0800963289 /* Alamofire */,
			);
			productName = Sportify;
			productReference = E24F41E62DD27FF100963289 /* Sportify.app */;
			productType = "com.apple.product-type.application";
		};
/* End PBXNativeTarget section */

/* Begin PBXProject section */
		E24F41DE2DD27FF000963289 /* Project object */ = {
			isa = PBXProject;
			attributes = {
				LastSwiftUpdateCheck = 1130;
				LastUpgradeCheck = 1130;
				ORGANIZATIONNAME = "Ahmed Ali";
				TargetAttributes = {
					E24F41E52DD27FF100963289 = {
						CreatedOnToolsVersion = 11.3.1;
					};
				};
			};
			buildConfigurationList = E24F41E12DD27FF000963289 /* Build configuration list for PBXProject "Sportify" */;
			compatibilityVersion = "Xcode 9.3";
			developmentRegion = en;
			hasScannedForEncodings = 0;
			knownRegions = (
				en,
				Base,
			);
			mainGroup = E24F41DD2DD27FF000963289;
			packageReferences = (
				E24F41FD2DD2AB5F00963289 /* XCRemoteSwiftPackageReference "Kingfisher" */,
				E24F42002DD2AC0800963289 /* XCRemoteSwiftPackageReference "Alamofire" */,
			);
			productRefGroup = E24F41E72DD27FF100963289 /* Products */;
			projectDirPath = "";
			projectRoot = "";
			targets = (
				E24F41E52DD27FF100963289 /* Sportify */,
			);
		};
/* End PBXProject section */

/* Begin PBXResourcesBuildPhase section */
		E24F41E42DD27FF100963289 /* Resources */ = {
			isa = PBXResourcesBuildPhase;
			buildActionMask = 2147483647;
			files = (
				E24F41F62DD27FF300963289 /* LaunchScreen.storyboard in Resources */,
				E24F41F32DD27FF300963289 /* Assets.xcassets in Resources */,
				E24F41F12DD27FF100963289 /* Main.storyboard in Resources */,
			);
			runOnlyForDeploymentPostprocessing = 0;
		};
/* End PBXResourcesBuildPhase section */

/* Begin PBXSourcesBuildPhase section */
		E24F41E22DD27FF100963289 /* Sources */ = {
			isa = PBXSourcesBuildPhase;
			buildActionMask = 2147483647;
			files = (
				088403F42DD2A0B5005823AD /* HomePresenter.swift in Sources */,
				088403F22DD2A081005823AD /* HomeContracts.swift in Sources */,
				E24F420D2DD2B30F00963289 /* LeaguesPresenter.swift in Sources */,
				088403F02DD29F9E005823AD /* HomeViewController.swift in Sources */,
				E24F42092DD2AF4900963289 /* LeaguesResponse.swift in Sources */,
				E24F42102DD2B42200963289 /* Service.swift in Sources */,
				E24F41EA2DD27FF100963289 /* AppDelegate.swift in Sources */,
				088403EE2DD29F78005823AD /* Sport.swift in Sources */,
				E24F2C432DD3626700AC47FF /* LeaguesViewProtocol.swift in Sources */,
				E24F420B2DD2B2DF00963289 /* LeaguesTableViewController.swift in Sources */,
				E24F2C452DD3674C00AC47FF /* LeagueTableViewCell.swift in Sources */,
				E24F41EC2DD27FF100963289 /* SceneDelegate.swift in Sources */,
			);
			runOnlyForDeploymentPostprocessing = 0;
		};
/* End PBXSourcesBuildPhase section */

/* Begin PBXVariantGroup section */
		E24F41EF2DD27FF100963289 /* Main.storyboard */ = {
			isa = PBXVariantGroup;
			children = (
				E24F41F02DD27FF100963289 /* Base */,
			);
			name = Main.storyboard;
			sourceTree = "<group>";
		};
		E24F41F42DD27FF300963289 /* LaunchScreen.storyboard */ = {
			isa = PBXVariantGroup;
			children = (
				E24F41F52DD27FF300963289 /* Base */,
			);
			name = LaunchScreen.storyboard;
			sourceTree = "<group>";
		};
/* End PBXVariantGroup section */

/* Begin XCBuildConfiguration section */
		E24F41F82DD27FF300963289 /* Debug */ = {
			isa = XCBuildConfiguration;
			buildSettings = {
				ALWAYS_SEARCH_USER_PATHS = NO;
				CLANG_ANALYZER_NONNULL = YES;
				CLANG_ANALYZER_NUMBER_OBJECT_CONVERSION = YES_AGGRESSIVE;
				CLANG_CXX_LANGUAGE_STANDARD = "gnu++14";
				CLANG_CXX_LIBRARY = "libc++";
				CLANG_ENABLE_MODULES = YES;
				CLANG_ENABLE_OBJC_ARC = YES;
				CLANG_ENABLE_OBJC_WEAK = YES;
				CLANG_WARN_BLOCK_CAPTURE_AUTORELEASING = YES;
				CLANG_WARN_BOOL_CONVERSION = YES;
				CLANG_WARN_COMMA = YES;
				CLANG_WARN_CONSTANT_CONVERSION = YES;
				CLANG_WARN_DEPRECATED_OBJC_IMPLEMENTATIONS = YES;
				CLANG_WARN_DIRECT_OBJC_ISA_USAGE = YES_ERROR;
				CLANG_WARN_DOCUMENTATION_COMMENTS = YES;
				CLANG_WARN_EMPTY_BODY = YES;
				CLANG_WARN_ENUM_CONVERSION = YES;
				CLANG_WARN_INFINITE_RECURSION = YES;
				CLANG_WARN_INT_CONVERSION = YES;
				CLANG_WARN_NON_LITERAL_NULL_CONVERSION = YES;
				CLANG_WARN_OBJC_IMPLICIT_RETAIN_SELF = YES;
				CLANG_WARN_OBJC_LITERAL_CONVERSION = YES;
				CLANG_WARN_OBJC_ROOT_CLASS = YES_ERROR;
				CLANG_WARN_RANGE_LOOP_ANALYSIS = YES;
				CLANG_WARN_STRICT_PROTOTYPES = YES;
				CLANG_WARN_SUSPICIOUS_MOVE = YES;
				CLANG_WARN_UNGUARDED_AVAILABILITY = YES_AGGRESSIVE;
				CLANG_WARN_UNREACHABLE_CODE = YES;
				CLANG_WARN__DUPLICATE_METHOD_MATCH = YES;
				COPY_PHASE_STRIP = NO;
				DEBUG_INFORMATION_FORMAT = dwarf;
				ENABLE_STRICT_OBJC_MSGSEND = YES;
				ENABLE_TESTABILITY = YES;
				GCC_C_LANGUAGE_STANDARD = gnu11;
				GCC_DYNAMIC_NO_PIC = NO;
				GCC_NO_COMMON_BLOCKS = YES;
				GCC_OPTIMIZATION_LEVEL = 0;
				GCC_PREPROCESSOR_DEFINITIONS = (
					"DEBUG=1",
					"$(inherited)",
				);
				GCC_WARN_64_TO_32_BIT_CONVERSION = YES;
				GCC_WARN_ABOUT_RETURN_TYPE = YES_ERROR;
				GCC_WARN_UNDECLARED_SELECTOR = YES;
				GCC_WARN_UNINITIALIZED_AUTOS = YES_AGGRESSIVE;
				GCC_WARN_UNUSED_FUNCTION = YES;
				GCC_WARN_UNUSED_VARIABLE = YES;
				IPHONEOS_DEPLOYMENT_TARGET = 13.2;
				MTL_ENABLE_DEBUG_INFO = INCLUDE_SOURCE;
				MTL_FAST_MATH = YES;
				ONLY_ACTIVE_ARCH = YES;
				SDKROOT = iphoneos;
				SWIFT_ACTIVE_COMPILATION_CONDITIONS = DEBUG;
				SWIFT_OPTIMIZATION_LEVEL = "-Onone";
			};
			name = Debug;
		};
		E24F41F92DD27FF300963289 /* Release */ = {
			isa = XCBuildConfiguration;
			buildSettings = {
				ALWAYS_SEARCH_USER_PATHS = NO;
				CLANG_ANALYZER_NONNULL = YES;
				CLANG_ANALYZER_NUMBER_OBJECT_CONVERSION = YES_AGGRESSIVE;
				CLANG_CXX_LANGUAGE_STANDARD = "gnu++14";
				CLANG_CXX_LIBRARY = "libc++";
				CLANG_ENABLE_MODULES = YES;
				CLANG_ENABLE_OBJC_ARC = YES;
				CLANG_ENABLE_OBJC_WEAK = YES;
				CLANG_WARN_BLOCK_CAPTURE_AUTORELEASING = YES;
				CLANG_WARN_BOOL_CONVERSION = YES;
				CLANG_WARN_COMMA = YES;
				CLANG_WARN_CONSTANT_CONVERSION = YES;
				CLANG_WARN_DEPRECATED_OBJC_IMPLEMENTATIONS = YES;
				CLANG_WARN_DIRECT_OBJC_ISA_USAGE = YES_ERROR;
				CLANG_WARN_DOCUMENTATION_COMMENTS = YES;
				CLANG_WARN_EMPTY_BODY = YES;
				CLANG_WARN_ENUM_CONVERSION = YES;
				CLANG_WARN_INFINITE_RECURSION = YES;
				CLANG_WARN_INT_CONVERSION = YES;
				CLANG_WARN_NON_LITERAL_NULL_CONVERSION = YES;
				CLANG_WARN_OBJC_IMPLICIT_RETAIN_SELF = YES;
				CLANG_WARN_OBJC_LITERAL_CONVERSION = YES;
				CLANG_WARN_OBJC_ROOT_CLASS = YES_ERROR;
				CLANG_WARN_RANGE_LOOP_ANALYSIS = YES;
				CLANG_WARN_STRICT_PROTOTYPES = YES;
				CLANG_WARN_SUSPICIOUS_MOVE = YES;
				CLANG_WARN_UNGUARDED_AVAILABILITY = YES_AGGRESSIVE;
				CLANG_WARN_UNREACHABLE_CODE = YES;
				CLANG_WARN__DUPLICATE_METHOD_MATCH = YES;
				COPY_PHASE_STRIP = NO;
				DEBUG_INFORMATION_FORMAT = "dwarf-with-dsym";
				ENABLE_NS_ASSERTIONS = NO;
				ENABLE_STRICT_OBJC_MSGSEND = YES;
				GCC_C_LANGUAGE_STANDARD = gnu11;
				GCC_NO_COMMON_BLOCKS = YES;
				GCC_WARN_64_TO_32_BIT_CONVERSION = YES;
				GCC_WARN_ABOUT_RETURN_TYPE = YES_ERROR;
				GCC_WARN_UNDECLARED_SELECTOR = YES;
				GCC_WARN_UNINITIALIZED_AUTOS = YES_AGGRESSIVE;
				GCC_WARN_UNUSED_FUNCTION = YES;
				GCC_WARN_UNUSED_VARIABLE = YES;
				IPHONEOS_DEPLOYMENT_TARGET = 13.2;
				MTL_ENABLE_DEBUG_INFO = NO;
				MTL_FAST_MATH = YES;
				SDKROOT = iphoneos;
				SWIFT_COMPILATION_MODE = wholemodule;
				SWIFT_OPTIMIZATION_LEVEL = "-O";
				VALIDATE_PRODUCT = YES;
			};
			name = Release;
		};
		E24F41FB2DD27FF300963289 /* Debug */ = {
			isa = XCBuildConfiguration;
			buildSettings = {
				ASSETCATALOG_COMPILER_APPICON_NAME = AppIcon;
				CODE_SIGN_STYLE = Automatic;
				INFOPLIST_FILE = Sportify/Info.plist;
				LD_RUNPATH_SEARCH_PATHS = (
					"$(inherited)",
					"@executable_path/Frameworks",
				);
				PRODUCT_BUNDLE_IDENTIFIER = com.ahmdalii.Sportify;
				PRODUCT_NAME = "$(TARGET_NAME)";
				SWIFT_VERSION = 5.0;
				TARGETED_DEVICE_FAMILY = "1,2";
			};
			name = Debug;
		};
		E24F41FC2DD27FF300963289 /* Release */ = {
			isa = XCBuildConfiguration;
			buildSettings = {
				ASSETCATALOG_COMPILER_APPICON_NAME = AppIcon;
				CODE_SIGN_STYLE = Automatic;
				INFOPLIST_FILE = Sportify/Info.plist;
				LD_RUNPATH_SEARCH_PATHS = (
					"$(inherited)",
					"@executable_path/Frameworks",
				);
				PRODUCT_BUNDLE_IDENTIFIER = com.ahmdalii.Sportify;
				PRODUCT_NAME = "$(TARGET_NAME)";
				SWIFT_VERSION = 5.0;
				TARGETED_DEVICE_FAMILY = "1,2";
			};
			name = Release;
		};
/* End XCBuildConfiguration section */

/* Begin XCConfigurationList section */
		E24F41E12DD27FF000963289 /* Build configuration list for PBXProject "Sportify" */ = {
			isa = XCConfigurationList;
			buildConfigurations = (
				E24F41F82DD27FF300963289 /* Debug */,
				E24F41F92DD27FF300963289 /* Release */,
			);
			defaultConfigurationIsVisible = 0;
			defaultConfigurationName = Release;
		};
		E24F41FA2DD27FF300963289 /* Build configuration list for PBXNativeTarget "Sportify" */ = {
			isa = XCConfigurationList;
			buildConfigurations = (
				E24F41FB2DD27FF300963289 /* Debug */,
				E24F41FC2DD27FF300963289 /* Release */,
			);
			defaultConfigurationIsVisible = 0;
			defaultConfigurationName = Release;
		};
/* End XCConfigurationList section */

/* Begin XCRemoteSwiftPackageReference section */
		E24F41FD2DD2AB5F00963289 /* XCRemoteSwiftPackageReference "Kingfisher" */ = {
			isa = XCRemoteSwiftPackageReference;
			repositoryURL = "https://github.com/onevcat/Kingfisher.git";
			requirement = {
				kind = versionRange;
				maximumVersion = 6.0.0;
				minimumVersion = 5.0.0;
			};
		};
		E24F42002DD2AC0800963289 /* XCRemoteSwiftPackageReference "Alamofire" */ = {
			isa = XCRemoteSwiftPackageReference;
			repositoryURL = "https://github.com/Alamofire/Alamofire.git";
			requirement = {
				kind = exactVersion;
				version = 5.2.0;
			};
		};
/* End XCRemoteSwiftPackageReference section */

/* Begin XCSwiftPackageProductDependency section */
		E24F41FE2DD2AB5F00963289 /* Kingfisher */ = {
			isa = XCSwiftPackageProductDependency;
			package = E24F41FD2DD2AB5F00963289 /* XCRemoteSwiftPackageReference "Kingfisher" */;
			productName = Kingfisher;
		};
		E24F42012DD2AC0800963289 /* Alamofire */ = {
			isa = XCSwiftPackageProductDependency;
			package = E24F42002DD2AC0800963289 /* XCRemoteSwiftPackageReference "Alamofire" */;
			productName = Alamofire;
		};
/* End XCSwiftPackageProductDependency section */
	};
	rootObject = E24F41DE2DD27FF000963289 /* Project object */;
}
